
Microsoft Visual Studio Solution File, Format Version 12.00
# Visual Studio Version 16
VisualStudioVersion = 16.0.32126.315
MinimumVisualStudioVersion = 10.0.40219.1
Project("{9A19103F-16F7-4668-BE54-9A1E7A4F7556}") = "Entities", "Entities\Entities.csproj", "{56B3B5AB-549C-4367-9B89-77B73567F748}"
EndProject
Project("{9A19103F-16F7-4668-BE54-9A1E7A4F7556}") = "Business", "Business\Business.csproj", "{AD24CEA8-B4BC-4AB8-8F26-531868573B49}"
EndProject
Project("{9A19103F-16F7-4668-BE54-9A1E7A4F7556}") = "DataAccess", "DataAccess\DataAccess.csproj", "{FB0DA9CE-E05E-48A6-B784-BDD8BBD32438}"
EndProject
Project("{9A19103F-16F7-4668-BE54-9A1E7A4F7556}") = "WebApi", "WebApi\WebApi.csproj", "{AB11284D-06C8-4F9F-A5D7-64B14292DB60}"
EndProject
Project("{9A19103F-16F7-4668-BE54-9A1E7A4F7556}") = "Core", "Core\Core.csproj", "{634E863A-876F-488E-B8A9-5BE88420E647}"
EndProject
Project("{FAE04EC0-301F-11D3-BF4B-00C04F79EFBC}") = "Integrations", "Integrations\Integrations.csproj", "{DCFA06FB-33C1-49E5-AA06-0F14BD8AEACF}"
EndProject
Global
	GlobalSection(SolutionConfigurationPlatforms) = preSolution
		Debug|Any CPU = Debug|Any CPU
		Release|Any CPU = Release|Any CPU
	EndGlobalSection
	GlobalSection(ProjectConfigurationPlatforms) = postSolution
		{56B3B5AB-549C-4367-9B89-77B73567F748}.Debug|Any CPU.ActiveCfg = Debug|Any CPU
		{56B3B5AB-549C-4367-9B89-77B73567F748}.Debug|Any CPU.Build.0 = Debug|Any CPU
		{56B3B5AB-549C-4367-9B89-77B73567F748}.Release|Any CPU.ActiveCfg = Release|Any CPU
		{56B3B5AB-549C-4367-9B89-77B73567F748}.Release|Any CPU.Build.0 = Release|Any CPU
		{AD24CEA8-B4BC-4AB8-8F26-531868573B49}.Debug|Any CPU.ActiveCfg = Debug|Any CPU
		{AD24CEA8-B4BC-4AB8-8F26-531868573B49}.Debug|Any CPU.Build.0 = Debug|Any CPU
		{AD24CEA8-B4BC-4AB8-8F26-531868573B49}.Release|Any CPU.ActiveCfg = Release|Any CPU
		{AD24CEA8-B4BC-4AB8-8F26-531868573B49}.Release|Any CPU.Build.0 = Release|Any CPU
		{FB0DA9CE-E05E-48A6-B784-BDD8BBD32438}.Debug|Any CPU.ActiveCfg = Debug|Any CPU
		{FB0DA9CE-E05E-48A6-B784-BDD8BBD32438}.Debug|Any CPU.Build.0 = Debug|Any CPU
		{FB0DA9CE-E05E-48A6-B784-BDD8BBD32438}.Release|Any CPU.ActiveCfg = Release|Any CPU
		{FB0DA9CE-E05E-48A6-B784-BDD8BBD32438}.Release|Any CPU.Build.0 = Release|Any CPU
		{AB11284D-06C8-4F9F-A5D7-64B14292DB60}.Debug|Any CPU.ActiveCfg = Debug|Any CPU
		{AB11284D-06C8-4F9F-A5D7-64B14292DB60}.Debug|Any CPU.Build.0 = Debug|Any CPU
		{AB11284D-06C8-4F9F-A5D7-64B14292DB60}.Release|Any CPU.ActiveCfg = Release|Any CPU
		{AB11284D-06C8-4F9F-A5D7-64B14292DB60}.Release|Any CPU.Build.0 = Release|Any CPU
		{634E863A-876F-488E-B8A9-5BE88420E647}.Debug|Any CPU.ActiveCfg = Debug|Any CPU
		{634E863A-876F-488E-B8A9-5BE88420E647}.Debug|Any CPU.Build.0 = Debug|Any CPU
		{634E863A-876F-488E-B8A9-5BE88420E647}.Release|Any CPU.ActiveCfg = Release|Any CPU
		{634E863A-876F-488E-B8A9-5BE88420E647}.Release|Any CPU.Build.0 = Release|Any CPU
		{DCFA06FB-33C1-49E5-AA06-0F14BD8AEACF}.Debug|Any CPU.ActiveCfg = Debug|Any CPU
		{DCFA06FB-33C1-49E5-AA06-0F14BD8AEACF}.Debug|Any CPU.Build.0 = Debug|Any CPU
		{DCFA06FB-33C1-49E5-AA06-0F14BD8AEACF}.Release|Any CPU.ActiveCfg = Release|Any CPU
		{DCFA06FB-33C1-49E5-AA06-0F14BD8AEACF}.Release|Any CPU.Build.0 = Release|Any CPU
	EndGlobalSection
	GlobalSection(SolutionProperties) = preSolution
		HideSolutionNode = FALSE
	EndGlobalSection
	GlobalSection(ExtensibilityGlobals) = postSolution
		SolutionGuid = {94428A4D-EB6D-4709-A49C-2F8661592D95}
	EndGlobalSection
EndGlobal
